
Microsoft Visual Studio Solution File, Format Version 12.00
# Visual Studio 15
VisualStudioVersion = 15.0.28307.329
MinimumVisualStudioVersion = 10.0.40219.1
Project("{FAE04EC0-301F-11D3-BF4B-00C04F79EFBC}") = "DXCustomControl", "DXCustomControl\DXCustomControl.csproj", "{B04EECAE-20AF-4A2E-AC75-D0BCCAA5E644}"
EndProject
Global
	GlobalSection(SolutionConfigurationPlatforms) = preSolution
		Debug|Any CPU = Debug|Any CPU
		Release|Any CPU = Release|Any CPU
	EndGlobalSection
	GlobalSection(ProjectConfigurationPlatforms) = postSolution
		{B04EECAE-20AF-4A2E-AC75-D0BCCAA5E644}.Debug|Any CPU.ActiveCfg = Debug|Any CPU
		{B04EECAE-20AF-4A2E-AC75-D0BCCAA5E644}.Debug|Any CPU.Build.0 = Debug|Any CPU
		{B04EECAE-20AF-4A2E-AC75-D0BCCAA5E644}.Release|Any CPU.ActiveCfg = Release|Any CPU
		{B04EECAE-20AF-4A2E-AC75-D0BCCAA5E644}.Release|Any CPU.Build.0 = Release|Any CPU
	EndGlobalSection
	GlobalSection(SolutionProperties) = preSolution
		HideSolutionNode = FALSE
	EndGlobalSection
	GlobalSection(ExtensibilityGlobals) = postSolution
		SolutionGuid = {359EA047-7F7D-42D6-AD4E-F31AD1182CAC}
	EndGlobalSection
EndGlobal
